
Microsoft Visual Studio Solution File, Format Version 12.00
# Visual Studio 2012
Project("{FAE04EC0-301F-11D3-BF4B-00C04F79EFBC}") = "Imperugo.Valdation.Castle", "Imperugo.Validation.Castle\Imperugo.Valdation.Castle.csproj", "{B6E78C6B-28CF-4B9E-8B5F-B6B3D30F4469}"
EndProject
Project("{FAE04EC0-301F-11D3-BF4B-00C04F79EFBC}") = "Imperugo.Validation.Common", "Imperugo.Validation.Common\Imperugo.Validation.Common.csproj", "{FA5B7C2E-A632-47B2-A56F-4B977A26EEA2}"
EndProject
Project("{FAE04EC0-301F-11D3-BF4B-00C04F79EFBC}") = "Imperugo.Validation.Castle.Test", "Imperugo.Validation.Castle.Test\Imperugo.Validation.Castle.Test.csproj", "{1C4D2B8E-EBE3-4F3E-8CCA-AC3BEC4C692E}"
EndProject
Project("{FAE04EC0-301F-11D3-BF4B-00C04F79EFBC}") = "Imperugo.Validation.Castle.Sample", "Imperugo.Validation.Castle.Sample\Imperugo.Validation.Castle.Sample.csproj", "{D020C83D-5174-486F-9A1A-A5AD4BB554F6}"
EndProject
Global
	GlobalSection(SolutionConfigurationPlatforms) = preSolution
		Debug|Any CPU = Debug|Any CPU
		Release|Any CPU = Release|Any CPU
	EndGlobalSection
	GlobalSection(ProjectConfigurationPlatforms) = postSolution
		{B6E78C6B-28CF-4B9E-8B5F-B6B3D30F4469}.Debug|Any CPU.ActiveCfg = Debug|Any CPU
		{B6E78C6B-28CF-4B9E-8B5F-B6B3D30F4469}.Debug|Any CPU.Build.0 = Debug|Any CPU
		{B6E78C6B-28CF-4B9E-8B5F-B6B3D30F4469}.Release|Any CPU.ActiveCfg = Release|Any CPU
		{B6E78C6B-28CF-4B9E-8B5F-B6B3D30F4469}.Release|Any CPU.Build.0 = Release|Any CPU
		{FA5B7C2E-A632-47B2-A56F-4B977A26EEA2}.Debug|Any CPU.ActiveCfg = Debug|Any CPU
		{FA5B7C2E-A632-47B2-A56F-4B977A26EEA2}.Debug|Any CPU.Build.0 = Debug|Any CPU
		{FA5B7C2E-A632-47B2-A56F-4B977A26EEA2}.Release|Any CPU.ActiveCfg = Release|Any CPU
		{FA5B7C2E-A632-47B2-A56F-4B977A26EEA2}.Release|Any CPU.Build.0 = Release|Any CPU
		{1C4D2B8E-EBE3-4F3E-8CCA-AC3BEC4C692E}.Debug|Any CPU.ActiveCfg = Debug|Any CPU
		{1C4D2B8E-EBE3-4F3E-8CCA-AC3BEC4C692E}.Debug|Any CPU.Build.0 = Debug|Any CPU
		{1C4D2B8E-EBE3-4F3E-8CCA-AC3BEC4C692E}.Release|Any CPU.ActiveCfg = Release|Any CPU
		{1C4D2B8E-EBE3-4F3E-8CCA-AC3BEC4C692E}.Release|Any CPU.Build.0 = Release|Any CPU
		{D020C83D-5174-486F-9A1A-A5AD4BB554F6}.Debug|Any CPU.ActiveCfg = Debug|Any CPU
		{D020C83D-5174-486F-9A1A-A5AD4BB554F6}.Debug|Any CPU.Build.0 = Debug|Any CPU
		{D020C83D-5174-486F-9A1A-A5AD4BB554F6}.Release|Any CPU.ActiveCfg = Release|Any CPU
		{D020C83D-5174-486F-9A1A-A5AD4BB554F6}.Release|Any CPU.Build.0 = Release|Any CPU
	EndGlobalSection
	GlobalSection(SolutionProperties) = preSolution
		HideSolutionNode = FALSE
	EndGlobalSection
EndGlobal
